
Microsoft Visual Studio Solution File, Format Version 12.00
# Visual Studio Version 16
VisualStudioVersion = 16.0.29326.143
MinimumVisualStudioVersion = 10.0.40219.1
Project("{FAE04EC0-301F-11D3-BF4B-00C04F79EFBC}") = "GuidMethodWorking", "GuidMethodWorking.csproj", "{4BFAAE5B-C6C7-4519-90E1-E5B468788DAA}"
EndProject
Global
	GlobalSection(SolutionConfigurationPlatforms) = preSolution
		Debug|Any CPU = Debug|Any CPU
		Release|Any CPU = Release|Any CPU
	EndGlobalSection
	GlobalSection(ProjectConfigurationPlatforms) = postSolution
		{4BFAAE5B-C6C7-4519-90E1-E5B468788DAA}.Debug|Any CPU.ActiveCfg = Debug|Any CPU
		{4BFAAE5B-C6C7-4519-90E1-E5B468788DAA}.Debug|Any CPU.Build.0 = Debug|Any CPU
		{4BFAAE5B-C6C7-4519-90E1-E5B468788DAA}.Release|Any CPU.ActiveCfg = Release|Any CPU
		{4BFAAE5B-C6C7-4519-90E1-E5B468788DAA}.Release|Any CPU.Build.0 = Release|Any CPU
	EndGlobalSection
	GlobalSection(SolutionProperties) = preSolution
		HideSolutionNode = FALSE
	EndGlobalSection
	GlobalSection(ExtensibilityGlobals) = postSolution
		SolutionGuid = {3423004F-8DB9-40E6-B499-49544C4B7296}
	EndGlobalSection
EndGlobal
